// !$*UTF8*$!
{
	archiveVersion = 1;
	classes = {
	};
	objectVersion = 46;
	objects = {

/* Begin PBXBuildFile section */
		B10CC4BB4DCE043827A6772D /* Pods_Tweetmeister.framework in Frameworks */ = {isa = PBXBuildFile; fileRef = 239191A2CC0B16C03E1C6DAB /* Pods_Tweetmeister.framework */; };
		EE09DE031DC49EBA0050897D /* InfiniteScrollActivityView.swift in Sources */ = {isa = PBXBuildFile; fileRef = EE09DE021DC49EBA0050897D /* InfiniteScrollActivityView.swift */; };
		EE2147361DBFAB2D00CBF9AF /* AppDelegate.swift in Sources */ = {isa = PBXBuildFile; fileRef = EE2147351DBFAB2D00CBF9AF /* AppDelegate.swift */; };
		EE21473B1DBFAB2D00CBF9AF /* Main.storyboard in Resources */ = {isa = PBXBuildFile; fileRef = EE2147391DBFAB2D00CBF9AF /* Main.storyboard */; };
		EE21473D1DBFAB2D00CBF9AF /* Assets.xcassets in Resources */ = {isa = PBXBuildFile; fileRef = EE21473C1DBFAB2D00CBF9AF /* Assets.xcassets */; };
		EE2147401DBFAB2D00CBF9AF /* LaunchScreen.storyboard in Resources */ = {isa = PBXBuildFile; fileRef = EE21473E1DBFAB2D00CBF9AF /* LaunchScreen.storyboard */; };
		EE2147491DBFB62A00CBF9AF /* LoginViewController.swift in Sources */ = {isa = PBXBuildFile; fileRef = EE2147481DBFB62A00CBF9AF /* LoginViewController.swift */; };
		EE36E5B61DC1E98A00428DBE /* TweetCell.swift in Sources */ = {isa = PBXBuildFile; fileRef = EE36E5B51DC1E98A00428DBE /* TweetCell.swift */; };
		EE36E5B91DC27BAB00428DBE /* StaticHelper.swift in Sources */ = {isa = PBXBuildFile; fileRef = EE36E5B81DC27BAB00428DBE /* StaticHelper.swift */; };
		EE48CB691DBFDDE100BC241A /* User.swift in Sources */ = {isa = PBXBuildFile; fileRef = EE48CB681DBFDDE100BC241A /* User.swift */; };
		EE48CB6B1DBFDDEE00BC241A /* Tweet.swift in Sources */ = {isa = PBXBuildFile; fileRef = EE48CB6A1DBFDDEE00BC241A /* Tweet.swift */; };
		EE48CB6D1DC0302B00BC241A /* TwitterClient.swift in Sources */ = {isa = PBXBuildFile; fileRef = EE48CB6C1DC0302B00BC241A /* TwitterClient.swift */; };
		EE48CB6F1DC03E5600BC241A /* TweetsViewController.swift in Sources */ = {isa = PBXBuildFile; fileRef = EE48CB6E1DC03E5600BC241A /* TweetsViewController.swift */; };
		EE6622EB1DC2D2EA00D04309 /* ComposeViewController.swift in Sources */ = {isa = PBXBuildFile; fileRef = EE6622EA1DC2D2EA00D04309 /* ComposeViewController.swift */; };
		EE6622ED1DC3148700D04309 /* TweetDetailsViewController.swift in Sources */ = {isa = PBXBuildFile; fileRef = EE6622EC1DC3148700D04309 /* TweetDetailsViewController.swift */; };
		EEB9FD5E1DC5CD6C0071366D /* AsyncButton.swift in Sources */ = {isa = PBXBuildFile; fileRef = EEB9FD401DC5CD6C0071366D /* AsyncButton.swift */; };
		EEB9FD5F1DC5CD6C0071366D /* AsyncImageView.swift in Sources */ = {isa = PBXBuildFile; fileRef = EEB9FD411DC5CD6C0071366D /* AsyncImageView.swift */; };
		EEB9FD601DC5CD6C0071366D /* AutoTextView.swift in Sources */ = {isa = PBXBuildFile; fileRef = EEB9FD421DC5CD6C0071366D /* AutoTextView.swift */; };
		EEB9FD611DC5CD6C0071366D /* BlurView.swift in Sources */ = {isa = PBXBuildFile; fileRef = EEB9FD431DC5CD6C0071366D /* BlurView.swift */; };
		EEB9FD621DC5CD6C0071366D /* DesignableButton.swift in Sources */ = {isa = PBXBuildFile; fileRef = EEB9FD441DC5CD6C0071366D /* DesignableButton.swift */; };
		EEB9FD631DC5CD6C0071366D /* DesignableImageView.swift in Sources */ = {isa = PBXBuildFile; fileRef = EEB9FD451DC5CD6C0071366D /* DesignableImageView.swift */; };
		EEB9FD641DC5CD6C0071366D /* DesignableLabel.swift in Sources */ = {isa = PBXBuildFile; fileRef = EEB9FD461DC5CD6C0071366D /* DesignableLabel.swift */; };
		EEB9FD651DC5CD6C0071366D /* DesignableTabBarController.swift in Sources */ = {isa = PBXBuildFile; fileRef = EEB9FD471DC5CD6C0071366D /* DesignableTabBarController.swift */; };
		EEB9FD661DC5CD6C0071366D /* DesignableTextField.swift in Sources */ = {isa = PBXBuildFile; fileRef = EEB9FD481DC5CD6C0071366D /* DesignableTextField.swift */; };
		EEB9FD671DC5CD6C0071366D /* DesignableTextView.swift in Sources */ = {isa = PBXBuildFile; fileRef = EEB9FD491DC5CD6C0071366D /* DesignableTextView.swift */; };
		EEB9FD681DC5CD6C0071366D /* DesignableView.swift in Sources */ = {isa = PBXBuildFile; fileRef = EEB9FD4A1DC5CD6C0071366D /* DesignableView.swift */; };
		EEB9FD691DC5CD6C0071366D /* ImageLoader.swift in Sources */ = {isa = PBXBuildFile; fileRef = EEB9FD4B1DC5CD6C0071366D /* ImageLoader.swift */; };
		EEB9FD6A1DC5CD6C0071366D /* Info.plist in Resources */ = {isa = PBXBuildFile; fileRef = EEB9FD4C1DC5CD6C0071366D /* Info.plist */; };
		EEB9FD6B1DC5CD6C0071366D /* KeyboardLayoutConstraint.swift in Sources */ = {isa = PBXBuildFile; fileRef = EEB9FD4D1DC5CD6C0071366D /* KeyboardLayoutConstraint.swift */; };
		EEB9FD6C1DC5CD6C0071366D /* LoadingView.swift in Sources */ = {isa = PBXBuildFile; fileRef = EEB9FD4E1DC5CD6C0071366D /* LoadingView.swift */; };
		EEB9FD6D1DC5CD6C0071366D /* LoadingView.xib in Resources */ = {isa = PBXBuildFile; fileRef = EEB9FD4F1DC5CD6C0071366D /* LoadingView.xib */; };
		EEB9FD6E1DC5CD6C0071366D /* Misc.swift in Sources */ = {isa = PBXBuildFile; fileRef = EEB9FD501DC5CD6C0071366D /* Misc.swift */; };
		EEB9FD6F1DC5CD6C0071366D /* SoundPlayer.swift in Sources */ = {isa = PBXBuildFile; fileRef = EEB9FD511DC5CD6C0071366D /* SoundPlayer.swift */; };
		EEB9FD701DC5CD6C0071366D /* Spring.swift in Sources */ = {isa = PBXBuildFile; fileRef = EEB9FD531DC5CD6C0071366D /* Spring.swift */; };
		EEB9FD711DC5CD6C0071366D /* SpringAnimation.swift in Sources */ = {isa = PBXBuildFile; fileRef = EEB9FD541DC5CD6C0071366D /* SpringAnimation.swift */; };
		EEB9FD721DC5CD6C0071366D /* SpringButton.swift in Sources */ = {isa = PBXBuildFile; fileRef = EEB9FD551DC5CD6C0071366D /* SpringButton.swift */; };
		EEB9FD731DC5CD6C0071366D /* SpringImageView.swift in Sources */ = {isa = PBXBuildFile; fileRef = EEB9FD561DC5CD6C0071366D /* SpringImageView.swift */; };
		EEB9FD741DC5CD6C0071366D /* SpringLabel.swift in Sources */ = {isa = PBXBuildFile; fileRef = EEB9FD571DC5CD6C0071366D /* SpringLabel.swift */; };
		EEB9FD751DC5CD6C0071366D /* SpringTextField.swift in Sources */ = {isa = PBXBuildFile; fileRef = EEB9FD581DC5CD6C0071366D /* SpringTextField.swift */; };
		EEB9FD761DC5CD6C0071366D /* SpringTextView.swift in Sources */ = {isa = PBXBuildFile; fileRef = EEB9FD591DC5CD6C0071366D /* SpringTextView.swift */; };
		EEB9FD771DC5CD6C0071366D /* SpringView.swift in Sources */ = {isa = PBXBuildFile; fileRef = EEB9FD5A1DC5CD6C0071366D /* SpringView.swift */; };
		EEB9FD781DC5CD6C0071366D /* TransitionManager.swift in Sources */ = {isa = PBXBuildFile; fileRef = EEB9FD5B1DC5CD6C0071366D /* TransitionManager.swift */; };
		EEB9FD791DC5CD6C0071366D /* TransitionZoom.swift in Sources */ = {isa = PBXBuildFile; fileRef = EEB9FD5C1DC5CD6C0071366D /* TransitionZoom.swift */; };
		EEB9FD7A1DC5CD6C0071366D /* UnwindSegue.swift in Sources */ = {isa = PBXBuildFile; fileRef = EEB9FD5D1DC5CD6C0071366D /* UnwindSegue.swift */; };
/* End PBXBuildFile section */

/* Begin PBXFileReference section */
		239191A2CC0B16C03E1C6DAB /* Pods_Tweetmeister.framework */ = {isa = PBXFileReference; explicitFileType = wrapper.framework; includeInIndex = 0; path = Pods_Tweetmeister.framework; sourceTree = BUILT_PRODUCTS_DIR; };
		9C4B84259AD41CB4A25CF0F8 /* Pods-Tweetmeister.release.xcconfig */ = {isa = PBXFileReference; includeInIndex = 1; lastKnownFileType = text.xcconfig; name = "Pods-Tweetmeister.release.xcconfig"; path = "Pods/Target Support Files/Pods-Tweetmeister/Pods-Tweetmeister.release.xcconfig"; sourceTree = "<group>"; };
		DC0E5EC690E4905FED630134 /* Pods-Tweetmeister.debug.xcconfig */ = {isa = PBXFileReference; includeInIndex = 1; lastKnownFileType = text.xcconfig; name = "Pods-Tweetmeister.debug.xcconfig"; path = "Pods/Target Support Files/Pods-Tweetmeister/Pods-Tweetmeister.debug.xcconfig"; sourceTree = "<group>"; };
		EE09DE021DC49EBA0050897D /* InfiniteScrollActivityView.swift */ = {isa = PBXFileReference; fileEncoding = 4; lastKnownFileType = sourcecode.swift; path = InfiniteScrollActivityView.swift; sourceTree = "<group>"; };
		EE09DE051DC510FE0050897D /* Tweetmeister-Bridging-Header.h */ = {isa = PBXFileReference; lastKnownFileType = sourcecode.c.h; path = "Tweetmeister-Bridging-Header.h"; sourceTree = "<group>"; };
		EE2147321DBFAB2D00CBF9AF /* Tweetmeister.app */ = {isa = PBXFileReference; explicitFileType = wrapper.application; includeInIndex = 0; path = Tweetmeister.app; sourceTree = BUILT_PRODUCTS_DIR; };
		EE2147351DBFAB2D00CBF9AF /* AppDelegate.swift */ = {isa = PBXFileReference; lastKnownFileType = sourcecode.swift; path = AppDelegate.swift; sourceTree = "<group>"; };
		EE21473A1DBFAB2D00CBF9AF /* Base */ = {isa = PBXFileReference; lastKnownFileType = file.storyboard; name = Base; path = Base.lproj/Main.storyboard; sourceTree = "<group>"; };
		EE21473C1DBFAB2D00CBF9AF /* Assets.xcassets */ = {isa = PBXFileReference; lastKnownFileType = folder.assetcatalog; path = Assets.xcassets; sourceTree = "<group>"; };
		EE21473F1DBFAB2D00CBF9AF /* Base */ = {isa = PBXFileReference; lastKnownFileType = file.storyboard; name = Base; path = Base.lproj/LaunchScreen.storyboard; sourceTree = "<group>"; };
		EE2147411DBFAB2D00CBF9AF /* Info.plist */ = {isa = PBXFileReference; lastKnownFileType = text.plist.xml; path = Info.plist; sourceTree = "<group>"; };
		EE2147481DBFB62A00CBF9AF /* LoginViewController.swift */ = {isa = PBXFileReference; fileEncoding = 4; lastKnownFileType = sourcecode.swift; path = LoginViewController.swift; sourceTree = "<group>"; };
		EE36E5B51DC1E98A00428DBE /* TweetCell.swift */ = {isa = PBXFileReference; fileEncoding = 4; lastKnownFileType = sourcecode.swift; path = TweetCell.swift; sourceTree = "<group>"; };
		EE36E5B81DC27BAB00428DBE /* StaticHelper.swift */ = {isa = PBXFileReference; fileEncoding = 4; lastKnownFileType = sourcecode.swift; path = StaticHelper.swift; sourceTree = "<group>"; };
		EE48CB681DBFDDE100BC241A /* User.swift */ = {isa = PBXFileReference; fileEncoding = 4; lastKnownFileType = sourcecode.swift; path = User.swift; sourceTree = "<group>"; };
		EE48CB6A1DBFDDEE00BC241A /* Tweet.swift */ = {isa = PBXFileReference; fileEncoding = 4; lastKnownFileType = sourcecode.swift; path = Tweet.swift; sourceTree = "<group>"; };
		EE48CB6C1DC0302B00BC241A /* TwitterClient.swift */ = {isa = PBXFileReference; fileEncoding = 4; lastKnownFileType = sourcecode.swift; path = TwitterClient.swift; sourceTree = "<group>"; };
		EE48CB6E1DC03E5600BC241A /* TweetsViewController.swift */ = {isa = PBXFileReference; fileEncoding = 4; lastKnownFileType = sourcecode.swift; path = TweetsViewController.swift; sourceTree = "<group>"; };
		EE6622EA1DC2D2EA00D04309 /* ComposeViewController.swift */ = {isa = PBXFileReference; fileEncoding = 4; lastKnownFileType = sourcecode.swift; path = ComposeViewController.swift; sourceTree = "<group>"; };
		EE6622EC1DC3148700D04309 /* TweetDetailsViewController.swift */ = {isa = PBXFileReference; fileEncoding = 4; lastKnownFileType = sourcecode.swift; path = TweetDetailsViewController.swift; sourceTree = "<group>"; };
		EEAF75701DC1BAEA009D068D /* Tweetmeister.entitlements */ = {isa = PBXFileReference; lastKnownFileType = text.plist.entitlements; path = Tweetmeister.entitlements; sourceTree = "<group>"; };
		EEB9FD401DC5CD6C0071366D /* AsyncButton.swift */ = {isa = PBXFileReference; fileEncoding = 4; lastKnownFileType = sourcecode.swift; path = AsyncButton.swift; sourceTree = "<group>"; };
		EEB9FD411DC5CD6C0071366D /* AsyncImageView.swift */ = {isa = PBXFileReference; fileEncoding = 4; lastKnownFileType = sourcecode.swift; path = AsyncImageView.swift; sourceTree = "<group>"; };
		EEB9FD421DC5CD6C0071366D /* AutoTextView.swift */ = {isa = PBXFileReference; fileEncoding = 4; lastKnownFileType = sourcecode.swift; path = AutoTextView.swift; sourceTree = "<group>"; };
		EEB9FD431DC5CD6C0071366D /* BlurView.swift */ = {isa = PBXFileReference; fileEncoding = 4; lastKnownFileType = sourcecode.swift; path = BlurView.swift; sourceTree = "<group>"; };
		EEB9FD441DC5CD6C0071366D /* DesignableButton.swift */ = {isa = PBXFileReference; fileEncoding = 4; lastKnownFileType = sourcecode.swift; path = DesignableButton.swift; sourceTree = "<group>"; };
		EEB9FD451DC5CD6C0071366D /* DesignableImageView.swift */ = {isa = PBXFileReference; fileEncoding = 4; lastKnownFileType = sourcecode.swift; path = DesignableImageView.swift; sourceTree = "<group>"; };
		EEB9FD461DC5CD6C0071366D /* DesignableLabel.swift */ = {isa = PBXFileReference; fileEncoding = 4; lastKnownFileType = sourcecode.swift; path = DesignableLabel.swift; sourceTree = "<group>"; };
		EEB9FD471DC5CD6C0071366D /* DesignableTabBarController.swift */ = {isa = PBXFileReference; fileEncoding = 4; lastKnownFileType = sourcecode.swift; path = DesignableTabBarController.swift; sourceTree = "<group>"; };
		EEB9FD481DC5CD6C0071366D /* DesignableTextField.swift */ = {isa = PBXFileReference; fileEncoding = 4; lastKnownFileType = sourcecode.swift; path = DesignableTextField.swift; sourceTree = "<group>"; };
		EEB9FD491DC5CD6C0071366D /* DesignableTextView.swift */ = {isa = PBXFileReference; fileEncoding = 4; lastKnownFileType = sourcecode.swift; path = DesignableTextView.swift; sourceTree = "<group>"; };
		EEB9FD4A1DC5CD6C0071366D /* DesignableView.swift */ = {isa = PBXFileReference; fileEncoding = 4; lastKnownFileType = sourcecode.swift; path = DesignableView.swift; sourceTree = "<group>"; };
		EEB9FD4B1DC5CD6C0071366D /* ImageLoader.swift */ = {isa = PBXFileReference; fileEncoding = 4; lastKnownFileType = sourcecode.swift; path = ImageLoader.swift; sourceTree = "<group>"; };
		EEB9FD4C1DC5CD6C0071366D /* Info.plist */ = {isa = PBXFileReference; fileEncoding = 4; lastKnownFileType = text.plist.xml; path = Info.plist; sourceTree = "<group>"; };
		EEB9FD4D1DC5CD6C0071366D /* KeyboardLayoutConstraint.swift */ = {isa = PBXFileReference; fileEncoding = 4; lastKnownFileType = sourcecode.swift; path = KeyboardLayoutConstraint.swift; sourceTree = "<group>"; };
		EEB9FD4E1DC5CD6C0071366D /* LoadingView.swift */ = {isa = PBXFileReference; fileEncoding = 4; lastKnownFileType = sourcecode.swift; path = LoadingView.swift; sourceTree = "<group>"; };
		EEB9FD4F1DC5CD6C0071366D /* LoadingView.xib */ = {isa = PBXFileReference; fileEncoding = 4; lastKnownFileType = file.xib; path = LoadingView.xib; sourceTree = "<group>"; };
		EEB9FD501DC5CD6C0071366D /* Misc.swift */ = {isa = PBXFileReference; fileEncoding = 4; lastKnownFileType = sourcecode.swift; path = Misc.swift; sourceTree = "<group>"; };
		EEB9FD511DC5CD6C0071366D /* SoundPlayer.swift */ = {isa = PBXFileReference; fileEncoding = 4; lastKnownFileType = sourcecode.swift; path = SoundPlayer.swift; sourceTree = "<group>"; };
		EEB9FD521DC5CD6C0071366D /* Spring.h */ = {isa = PBXFileReference; fileEncoding = 4; lastKnownFileType = sourcecode.c.h; path = Spring.h; sourceTree = "<group>"; };
		EEB9FD531DC5CD6C0071366D /* Spring.swift */ = {isa = PBXFileReference; fileEncoding = 4; lastKnownFileType = sourcecode.swift; path = Spring.swift; sourceTree = "<group>"; };
		EEB9FD541DC5CD6C0071366D /* SpringAnimation.swift */ = {isa = PBXFileReference; fileEncoding = 4; lastKnownFileType = sourcecode.swift; path = SpringAnimation.swift; sourceTree = "<group>"; };
		EEB9FD551DC5CD6C0071366D /* SpringButton.swift */ = {isa = PBXFileReference; fileEncoding = 4; lastKnownFileType = sourcecode.swift; path = SpringButton.swift; sourceTree = "<group>"; };
		EEB9FD561DC5CD6C0071366D /* SpringImageView.swift */ = {isa = PBXFileReference; fileEncoding = 4; lastKnownFileType = sourcecode.swift; path = SpringImageView.swift; sourceTree = "<group>"; };
		EEB9FD571DC5CD6C0071366D /* SpringLabel.swift */ = {isa = PBXFileReference; fileEncoding = 4; lastKnownFileType = sourcecode.swift; path = SpringLabel.swift; sourceTree = "<group>"; };
		EEB9FD581DC5CD6C0071366D /* SpringTextField.swift */ = {isa = PBXFileReference; fileEncoding = 4; lastKnownFileType = sourcecode.swift; path = SpringTextField.swift; sourceTree = "<group>"; };
		EEB9FD591DC5CD6C0071366D /* SpringTextView.swift */ = {isa = PBXFileReference; fileEncoding = 4; lastKnownFileType = sourcecode.swift; path = SpringTextView.swift; sourceTree = "<group>"; };
		EEB9FD5A1DC5CD6C0071366D /* SpringView.swift */ = {isa = PBXFileReference; fileEncoding = 4; lastKnownFileType = sourcecode.swift; path = SpringView.swift; sourceTree = "<group>"; };
		EEB9FD5B1DC5CD6C0071366D /* TransitionManager.swift */ = {isa = PBXFileReference; fileEncoding = 4; lastKnownFileType = sourcecode.swift; path = TransitionManager.swift; sourceTree = "<group>"; };
		EEB9FD5C1DC5CD6C0071366D /* TransitionZoom.swift */ = {isa = PBXFileReference; fileEncoding = 4; lastKnownFileType = sourcecode.swift; path = TransitionZoom.swift; sourceTree = "<group>"; };
		EEB9FD5D1DC5CD6C0071366D /* UnwindSegue.swift */ = {isa = PBXFileReference; fileEncoding = 4; lastKnownFileType = sourcecode.swift; path = UnwindSegue.swift; sourceTree = "<group>"; };
/* End PBXFileReference section */

/* Begin PBXFrameworksBuildPhase section */
		EE21472F1DBFAB2D00CBF9AF /* Frameworks */ = {
			isa = PBXFrameworksBuildPhase;
			buildActionMask = 2147483647;
			files = (
				B10CC4BB4DCE043827A6772D /* Pods_Tweetmeister.framework in Frameworks */,
			);
			runOnlyForDeploymentPostprocessing = 0;
		};
/* End PBXFrameworksBuildPhase section */

/* Begin PBXGroup section */
		701939B36F460D7C0C30A3F1 /* Pods */ = {
			isa = PBXGroup;
			children = (
				DC0E5EC690E4905FED630134 /* Pods-Tweetmeister.debug.xcconfig */,
				9C4B84259AD41CB4A25CF0F8 /* Pods-Tweetmeister.release.xcconfig */,
			);
			name = Pods;
			sourceTree = "<group>";
		};
		AD08A24A9268CF549A763ED3 /* Frameworks */ = {
			isa = PBXGroup;
			children = (
				239191A2CC0B16C03E1C6DAB /* Pods_Tweetmeister.framework */,
			);
			name = Frameworks;
			sourceTree = "<group>";
		};
		EE09DE011DC49E9D0050897D /* Views */ = {
			isa = PBXGroup;
			children = (
				EE09DE021DC49EBA0050897D /* InfiniteScrollActivityView.swift */,
			);
			name = Views;
			sourceTree = "<group>";
		};
		EE2147291DBFAB2D00CBF9AF = {
			isa = PBXGroup;
			children = (
				EE2147341DBFAB2D00CBF9AF /* Tweetmeister */,
				EE2147331DBFAB2D00CBF9AF /* Products */,
				701939B36F460D7C0C30A3F1 /* Pods */,
				AD08A24A9268CF549A763ED3 /* Frameworks */,
			);
			sourceTree = "<group>";
		};
		EE2147331DBFAB2D00CBF9AF /* Products */ = {
			isa = PBXGroup;
			children = (
				EE2147321DBFAB2D00CBF9AF /* Tweetmeister.app */,
			);
			name = Products;
			sourceTree = "<group>";
		};
		EE2147341DBFAB2D00CBF9AF /* Tweetmeister */ = {
			isa = PBXGroup;
			children = (
				EEB9FD3F1DC5CD6C0071366D /* Spring */,
				EE09DE011DC49E9D0050897D /* Views */,
				EE36E5B71DC27B8400428DBE /* Helpers */,
				EE36E5B41DC1E93500428DBE /* Cells */,
				EEAF75701DC1BAEA009D068D /* Tweetmeister.entitlements */,
				EE48CB671DBFDDA600BC241A /* API */,
				EE48CB661DBFDD9300BC241A /* Models */,
				EE2147471DBFB57600CBF9AF /* View Controllers */,
				EE2147351DBFAB2D00CBF9AF /* AppDelegate.swift */,
				EE2147391DBFAB2D00CBF9AF /* Main.storyboard */,
				EE21473C1DBFAB2D00CBF9AF /* Assets.xcassets */,
				EE21473E1DBFAB2D00CBF9AF /* LaunchScreen.storyboard */,
				EE2147411DBFAB2D00CBF9AF /* Info.plist */,
				EE09DE051DC510FE0050897D /* Tweetmeister-Bridging-Header.h */,
			);
			path = Tweetmeister;
			sourceTree = "<group>";
		};
		EE2147471DBFB57600CBF9AF /* View Controllers */ = {
			isa = PBXGroup;
			children = (
				EE2147481DBFB62A00CBF9AF /* LoginViewController.swift */,
				EE48CB6E1DC03E5600BC241A /* TweetsViewController.swift */,
				EE6622EA1DC2D2EA00D04309 /* ComposeViewController.swift */,
				EE6622EC1DC3148700D04309 /* TweetDetailsViewController.swift */,
			);
			name = "View Controllers";
			sourceTree = "<group>";
		};
		EE36E5B41DC1E93500428DBE /* Cells */ = {
			isa = PBXGroup;
			children = (
				EE36E5B51DC1E98A00428DBE /* TweetCell.swift */,
			);
			name = Cells;
			sourceTree = "<group>";
		};
		EE36E5B71DC27B8400428DBE /* Helpers */ = {
			isa = PBXGroup;
			children = (
				EE36E5B81DC27BAB00428DBE /* StaticHelper.swift */,
			);
			name = Helpers;
			sourceTree = "<group>";
		};
		EE48CB661DBFDD9300BC241A /* Models */ = {
			isa = PBXGroup;
			children = (
				EE48CB681DBFDDE100BC241A /* User.swift */,
				EE48CB6A1DBFDDEE00BC241A /* Tweet.swift */,
			);
			name = Models;
			sourceTree = "<group>";
		};
		EE48CB671DBFDDA600BC241A /* API */ = {
			isa = PBXGroup;
			children = (
				EE48CB6C1DC0302B00BC241A /* TwitterClient.swift */,
			);
			name = API;
			sourceTree = "<group>";
		};
		EEB9FD3F1DC5CD6C0071366D /* Spring */ = {
			isa = PBXGroup;
			children = (
				EEB9FD401DC5CD6C0071366D /* AsyncButton.swift */,
				EEB9FD411DC5CD6C0071366D /* AsyncImageView.swift */,
				EEB9FD421DC5CD6C0071366D /* AutoTextView.swift */,
				EEB9FD431DC5CD6C0071366D /* BlurView.swift */,
				EEB9FD441DC5CD6C0071366D /* DesignableButton.swift */,
				EEB9FD451DC5CD6C0071366D /* DesignableImageView.swift */,
				EEB9FD461DC5CD6C0071366D /* DesignableLabel.swift */,
				EEB9FD471DC5CD6C0071366D /* DesignableTabBarController.swift */,
				EEB9FD481DC5CD6C0071366D /* DesignableTextField.swift */,
				EEB9FD491DC5CD6C0071366D /* DesignableTextView.swift */,
				EEB9FD4A1DC5CD6C0071366D /* DesignableView.swift */,
				EEB9FD4B1DC5CD6C0071366D /* ImageLoader.swift */,
				EEB9FD4C1DC5CD6C0071366D /* Info.plist */,
				EEB9FD4D1DC5CD6C0071366D /* KeyboardLayoutConstraint.swift */,
				EEB9FD4E1DC5CD6C0071366D /* LoadingView.swift */,
				EEB9FD4F1DC5CD6C0071366D /* LoadingView.xib */,
				EEB9FD501DC5CD6C0071366D /* Misc.swift */,
				EEB9FD511DC5CD6C0071366D /* SoundPlayer.swift */,
				EEB9FD521DC5CD6C0071366D /* Spring.h */,
				EEB9FD531DC5CD6C0071366D /* Spring.swift */,
				EEB9FD541DC5CD6C0071366D /* SpringAnimation.swift */,
				EEB9FD551DC5CD6C0071366D /* SpringButton.swift */,
				EEB9FD561DC5CD6C0071366D /* SpringImageView.swift */,
				EEB9FD571DC5CD6C0071366D /* SpringLabel.swift */,
				EEB9FD581DC5CD6C0071366D /* SpringTextField.swift */,
				EEB9FD591DC5CD6C0071366D /* SpringTextView.swift */,
				EEB9FD5A1DC5CD6C0071366D /* SpringView.swift */,
				EEB9FD5B1DC5CD6C0071366D /* TransitionManager.swift */,
				EEB9FD5C1DC5CD6C0071366D /* TransitionZoom.swift */,
				EEB9FD5D1DC5CD6C0071366D /* UnwindSegue.swift */,
			);
			path = Spring;
			sourceTree = "<group>";
		};
/* End PBXGroup section */

/* Begin PBXNativeTarget section */
		EE2147311DBFAB2D00CBF9AF /* Tweetmeister */ = {
			isa = PBXNativeTarget;
			buildConfigurationList = EE2147441DBFAB2D00CBF9AF /* Build configuration list for PBXNativeTarget "Tweetmeister" */;
			buildPhases = (
				B568057A29516A5435CDD71F /* [CP] Check Pods Manifest.lock */,
				EE21472E1DBFAB2D00CBF9AF /* Sources */,
				EE21472F1DBFAB2D00CBF9AF /* Frameworks */,
				EE2147301DBFAB2D00CBF9AF /* Resources */,
				7F0491FAB7CDF3326F3F7520 /* [CP] Embed Pods Frameworks */,
				E44A6713DBA5761D1490A991 /* [CP] Copy Pods Resources */,
			);
			buildRules = (
			);
			dependencies = (
			);
			name = Tweetmeister;
			productName = Tweetmeister;
			productReference = EE2147321DBFAB2D00CBF9AF /* Tweetmeister.app */;
			productType = "com.apple.product-type.application";
		};
/* End PBXNativeTarget section */

/* Begin PBXProject section */
		EE21472A1DBFAB2D00CBF9AF /* Project object */ = {
			isa = PBXProject;
			attributes = {
				LastSwiftUpdateCheck = 0800;
				LastUpgradeCheck = 0800;
				ORGANIZATIONNAME = "Saurabh Patwardhan";
				TargetAttributes = {
					EE2147311DBFAB2D00CBF9AF = {
						CreatedOnToolsVersion = 8.0;
						DevelopmentTeam = SDLRJDJ3R5;
						LastSwiftMigration = 0800;
						ProvisioningStyle = Automatic;
						SystemCapabilities = {
							com.apple.Keychain = {
								enabled = 1;
							};
						};
					};
				};
			};
			buildConfigurationList = EE21472D1DBFAB2D00CBF9AF /* Build configuration list for PBXProject "Tweetmeister" */;
			compatibilityVersion = "Xcode 3.2";
			developmentRegion = English;
			hasScannedForEncodings = 0;
			knownRegions = (
				en,
				Base,
			);
			mainGroup = EE2147291DBFAB2D00CBF9AF;
			productRefGroup = EE2147331DBFAB2D00CBF9AF /* Products */;
			projectDirPath = "";
			projectRoot = "";
			targets = (
				EE2147311DBFAB2D00CBF9AF /* Tweetmeister */,
			);
		};
/* End PBXProject section */

/* Begin PBXResourcesBuildPhase section */
		EE2147301DBFAB2D00CBF9AF /* Resources */ = {
			isa = PBXResourcesBuildPhase;
			buildActionMask = 2147483647;
			files = (
				EEB9FD6A1DC5CD6C0071366D /* Info.plist in Resources */,
				EE2147401DBFAB2D00CBF9AF /* LaunchScreen.storyboard in Resources */,
				EE21473D1DBFAB2D00CBF9AF /* Assets.xcassets in Resources */,
				EE21473B1DBFAB2D00CBF9AF /* Main.storyboard in Resources */,
				EEB9FD6D1DC5CD6C0071366D /* LoadingView.xib in Resources */,
			);
			runOnlyForDeploymentPostprocessing = 0;
		};
/* End PBXResourcesBuildPhase section */

/* Begin PBXShellScriptBuildPhase section */
		7F0491FAB7CDF3326F3F7520 /* [CP] Embed Pods Frameworks */ = {
			isa = PBXShellScriptBuildPhase;
			buildActionMask = 2147483647;
			files = (
			);
			inputPaths = (
			);
			name = "[CP] Embed Pods Frameworks";
			outputPaths = (
			);
			runOnlyForDeploymentPostprocessing = 0;
			shellPath = /bin/sh;
			shellScript = "\"${SRCROOT}/Pods/Target Support Files/Pods-Tweetmeister/Pods-Tweetmeister-frameworks.sh\"\n";
			showEnvVarsInLog = 0;
		};
		B568057A29516A5435CDD71F /* [CP] Check Pods Manifest.lock */ = {
			isa = PBXShellScriptBuildPhase;
			buildActionMask = 2147483647;
			files = (
			);
			inputPaths = (
			);
			name = "[CP] Check Pods Manifest.lock";
			outputPaths = (
			);
			runOnlyForDeploymentPostprocessing = 0;
			shellPath = /bin/sh;
			shellScript = "diff \"${PODS_ROOT}/../Podfile.lock\" \"${PODS_ROOT}/Manifest.lock\" > /dev/null\nif [[ $? != 0 ]] ; then\n    cat << EOM\nerror: The sandbox is not in sync with the Podfile.lock. Run 'pod install' or update your CocoaPods installation.\nEOM\n    exit 1\nfi\n";
			showEnvVarsInLog = 0;
		};
		E44A6713DBA5761D1490A991 /* [CP] Copy Pods Resources */ = {
			isa = PBXShellScriptBuildPhase;
			buildActionMask = 2147483647;
			files = (
			);
			inputPaths = (
			);
			name = "[CP] Copy Pods Resources";
			outputPaths = (
			);
			runOnlyForDeploymentPostprocessing = 0;
			shellPath = /bin/sh;
			shellScript = "\"${SRCROOT}/Pods/Target Support Files/Pods-Tweetmeister/Pods-Tweetmeister-resources.sh\"\n";
			showEnvVarsInLog = 0;
		};
/* End PBXShellScriptBuildPhase section */

/* Begin PBXSourcesBuildPhase section */
		EE21472E1DBFAB2D00CBF9AF /* Sources */ = {
			isa = PBXSourcesBuildPhase;
			buildActionMask = 2147483647;
			files = (
				EEB9FD761DC5CD6C0071366D /* SpringTextView.swift in Sources */,
				EEB9FD651DC5CD6C0071366D /* DesignableTabBarController.swift in Sources */,
				EEB9FD5F1DC5CD6C0071366D /* AsyncImageView.swift in Sources */,
				EE6622EB1DC2D2EA00D04309 /* ComposeViewController.swift in Sources */,
				EEB9FD671DC5CD6C0071366D /* DesignableTextView.swift in Sources */,
				EEB9FD611DC5CD6C0071366D /* BlurView.swift in Sources */,
				EEB9FD6E1DC5CD6C0071366D /* Misc.swift in Sources */,
				EEB9FD701DC5CD6C0071366D /* Spring.swift in Sources */,
				EEB9FD6B1DC5CD6C0071366D /* KeyboardLayoutConstraint.swift in Sources */,
				EEB9FD721DC5CD6C0071366D /* SpringButton.swift in Sources */,
				EEB9FD771DC5CD6C0071366D /* SpringView.swift in Sources */,
				EE48CB6D1DC0302B00BC241A /* TwitterClient.swift in Sources */,
				EEB9FD5E1DC5CD6C0071366D /* AsyncButton.swift in Sources */,
				EE6622ED1DC3148700D04309 /* TweetDetailsViewController.swift in Sources */,
				EEB9FD661DC5CD6C0071366D /* DesignableTextField.swift in Sources */,
				EE36E5B61DC1E98A00428DBE /* TweetCell.swift in Sources */,
				EE2147491DBFB62A00CBF9AF /* LoginViewController.swift in Sources */,
				EE09DE031DC49EBA0050897D /* InfiniteScrollActivityView.swift in Sources */,
				EEB9FD631DC5CD6C0071366D /* DesignableImageView.swift in Sources */,
				EE48CB6F1DC03E5600BC241A /* TweetsViewController.swift in Sources */,
				EEB9FD681DC5CD6C0071366D /* DesignableView.swift in Sources */,
				EEB9FD791DC5CD6C0071366D /* TransitionZoom.swift in Sources */,
				EEB9FD691DC5CD6C0071366D /* ImageLoader.swift in Sources */,
				EE2147361DBFAB2D00CBF9AF /* AppDelegate.swift in Sources */,
				EEB9FD711DC5CD6C0071366D /* SpringAnimation.swift in Sources */,
				EEB9FD781DC5CD6C0071366D /* TransitionManager.swift in Sources */,
				EEB9FD7A1DC5CD6C0071366D /* UnwindSegue.swift in Sources */,
				EEB9FD6C1DC5CD6C0071366D /* LoadingView.swift in Sources */,
				EEB9FD731DC5CD6C0071366D /* SpringImageView.swift in Sources */,
				EEB9FD621DC5CD6C0071366D /* DesignableButton.swift in Sources */,
				EEB9FD601DC5CD6C0071366D /* AutoTextView.swift in Sources */,
				EEB9FD6F1DC5CD6C0071366D /* SoundPlayer.swift in Sources */,
				EE48CB691DBFDDE100BC241A /* User.swift in Sources */,
				EE36E5B91DC27BAB00428DBE /* StaticHelper.swift in Sources */,
				EEB9FD641DC5CD6C0071366D /* DesignableLabel.swift in Sources */,
				EEB9FD751DC5CD6C0071366D /* SpringTextField.swift in Sources */,
				EE48CB6B1DBFDDEE00BC241A /* Tweet.swift in Sources */,
				EEB9FD741DC5CD6C0071366D /* SpringLabel.swift in Sources */,
			);
			runOnlyForDeploymentPostprocessing = 0;
		};
/* End PBXSourcesBuildPhase section */

/* Begin PBXVariantGroup section */
		EE2147391DBFAB2D00CBF9AF /* Main.storyboard */ = {
			isa = PBXVariantGroup;
			children = (
				EE21473A1DBFAB2D00CBF9AF /* Base */,
			);
			name = Main.storyboard;
			sourceTree = "<group>";
		};
		EE21473E1DBFAB2D00CBF9AF /* LaunchScreen.storyboard */ = {
			isa = PBXVariantGroup;
			children = (
				EE21473F1DBFAB2D00CBF9AF /* Base */,
			);
			name = LaunchScreen.storyboard;
			sourceTree = "<group>";
		};
/* End PBXVariantGroup section */

/* Begin XCBuildConfiguration section */
		EE2147421DBFAB2D00CBF9AF /* Debug */ = {
			isa = XCBuildConfiguration;
			buildSettings = {
				ALWAYS_SEARCH_USER_PATHS = NO;
				CLANG_ANALYZER_NONNULL = YES;
				CLANG_CXX_LANGUAGE_STANDARD = "gnu++0x";
				CLANG_CXX_LIBRARY = "libc++";
				CLANG_ENABLE_MODULES = YES;
				CLANG_ENABLE_OBJC_ARC = YES;
				CLANG_WARN_BOOL_CONVERSION = YES;
				CLANG_WARN_CONSTANT_CONVERSION = YES;
				CLANG_WARN_DIRECT_OBJC_ISA_USAGE = YES_ERROR;
				CLANG_WARN_DOCUMENTATION_COMMENTS = YES;
				CLANG_WARN_EMPTY_BODY = YES;
				CLANG_WARN_ENUM_CONVERSION = YES;
				CLANG_WARN_INFINITE_RECURSION = YES;
				CLANG_WARN_INT_CONVERSION = YES;
				CLANG_WARN_OBJC_ROOT_CLASS = YES_ERROR;
				CLANG_WARN_SUSPICIOUS_MOVE = YES;
				CLANG_WARN_SUSPICIOUS_MOVES = YES;
				CLANG_WARN_UNREACHABLE_CODE = YES;
				CLANG_WARN__DUPLICATE_METHOD_MATCH = YES;
				"CODE_SIGN_IDENTITY[sdk=iphoneos*]" = "iPhone Developer";
				COPY_PHASE_STRIP = NO;
				DEBUG_INFORMATION_FORMAT = dwarf;
				ENABLE_STRICT_OBJC_MSGSEND = YES;
				ENABLE_TESTABILITY = YES;
				GCC_C_LANGUAGE_STANDARD = gnu99;
				GCC_DYNAMIC_NO_PIC = NO;
				GCC_NO_COMMON_BLOCKS = YES;
				GCC_OPTIMIZATION_LEVEL = 0;
				GCC_PREPROCESSOR_DEFINITIONS = (
					"DEBUG=1",
					"$(inherited)",
				);
				GCC_WARN_64_TO_32_BIT_CONVERSION = YES;
				GCC_WARN_ABOUT_RETURN_TYPE = YES_ERROR;
				GCC_WARN_UNDECLARED_SELECTOR = YES;
				GCC_WARN_UNINITIALIZED_AUTOS = YES_AGGRESSIVE;
				GCC_WARN_UNUSED_FUNCTION = YES;
				GCC_WARN_UNUSED_VARIABLE = YES;
				IPHONEOS_DEPLOYMENT_TARGET = 10.0;
				MTL_ENABLE_DEBUG_INFO = YES;
				ONLY_ACTIVE_ARCH = YES;
				SDKROOT = iphoneos;
				SWIFT_ACTIVE_COMPILATION_CONDITIONS = DEBUG;
				SWIFT_OPTIMIZATION_LEVEL = "-Onone";
			};
			name = Debug;
		};
		EE2147431DBFAB2D00CBF9AF /* Release */ = {
			isa = XCBuildConfiguration;
			buildSettings = {
				ALWAYS_SEARCH_USER_PATHS = NO;
				CLANG_ANALYZER_NONNULL = YES;
				CLANG_CXX_LANGUAGE_STANDARD = "gnu++0x";
				CLANG_CXX_LIBRARY = "libc++";
				CLANG_ENABLE_MODULES = YES;
				CLANG_ENABLE_OBJC_ARC = YES;
				CLANG_WARN_BOOL_CONVERSION = YES;
				CLANG_WARN_CONSTANT_CONVERSION = YES;
				CLANG_WARN_DIRECT_OBJC_ISA_USAGE = YES_ERROR;
				CLANG_WARN_DOCUMENTATION_COMMENTS = YES;
				CLANG_WARN_EMPTY_BODY = YES;
				CLANG_WARN_ENUM_CONVERSION = YES;
				CLANG_WARN_INFINITE_RECURSION = YES;
				CLANG_WARN_INT_CONVERSION = YES;
				CLANG_WARN_OBJC_ROOT_CLASS = YES_ERROR;
				CLANG_WARN_SUSPICIOUS_MOVE = YES;
				CLANG_WARN_SUSPICIOUS_MOVES = YES;
				CLANG_WARN_UNREACHABLE_CODE = YES;
				CLANG_WARN__DUPLICATE_METHOD_MATCH = YES;
				"CODE_SIGN_IDENTITY[sdk=iphoneos*]" = "iPhone Developer";
				COPY_PHASE_STRIP = NO;
				DEBUG_INFORMATION_FORMAT = "dwarf-with-dsym";
				ENABLE_NS_ASSERTIONS = NO;
				ENABLE_STRICT_OBJC_MSGSEND = YES;
				GCC_C_LANGUAGE_STANDARD = gnu99;
				GCC_NO_COMMON_BLOCKS = YES;
				GCC_WARN_64_TO_32_BIT_CONVERSION = YES;
				GCC_WARN_ABOUT_RETURN_TYPE = YES_ERROR;
				GCC_WARN_UNDECLARED_SELECTOR = YES;
				GCC_WARN_UNINITIALIZED_AUTOS = YES_AGGRESSIVE;
				GCC_WARN_UNUSED_FUNCTION = YES;
				GCC_WARN_UNUSED_VARIABLE = YES;
				IPHONEOS_DEPLOYMENT_TARGET = 10.0;
				MTL_ENABLE_DEBUG_INFO = NO;
				SDKROOT = iphoneos;
				SWIFT_OPTIMIZATION_LEVEL = "-Owholemodule";
				VALIDATE_PRODUCT = YES;
			};
			name = Release;
		};
		EE2147451DBFAB2D00CBF9AF /* Debug */ = {
			isa = XCBuildConfiguration;
			baseConfigurationReference = DC0E5EC690E4905FED630134 /* Pods-Tweetmeister.debug.xcconfig */;
			buildSettings = {
				ALWAYS_EMBED_SWIFT_STANDARD_LIBRARIES = YES;
				ASSETCATALOG_COMPILER_APPICON_NAME = AppIcon;
				CLANG_ENABLE_MODULES = YES;
				CODE_SIGN_ENTITLEMENTS = Tweetmeister/Tweetmeister.entitlements;
				DEBUG_ACTIVITY_MODE = "";
				"DEBUG_ACTIVITY_MODE[sdk=iphonesimulator*]" = disable;
				DEVELOPMENT_TEAM = SDLRJDJ3R5;
				INFOPLIST_FILE = Tweetmeister/Info.plist;
				LD_RUNPATH_SEARCH_PATHS = "$(inherited) @executable_path/Frameworks";
				PRODUCT_BUNDLE_IDENTIFIER = com.spatwardhan.Tweetmeister;
				PRODUCT_NAME = "$(TARGET_NAME)";
				SWIFT_OBJC_BRIDGING_HEADER = "Tweetmeister/Tweetmeister-Bridging-Header.h";
				SWIFT_OPTIMIZATION_LEVEL = "-Onone";
				SWIFT_VERSION = 3.0;
			};
			name = Debug;
		};
		EE2147461DBFAB2D00CBF9AF /* Release */ = {
			isa = XCBuildConfiguration;
			baseConfigurationReference = 9C4B84259AD41CB4A25CF0F8 /* Pods-Tweetmeister.release.xcconfig */;
			buildSettings = {
				ALWAYS_EMBED_SWIFT_STANDARD_LIBRARIES = YES;
				ASSETCATALOG_COMPILER_APPICON_NAME = AppIcon;
				CLANG_ENABLE_MODULES = YES;
				CODE_SIGN_ENTITLEMENTS = Tweetmeister/Tweetmeister.entitlements;
				DEBUG_ACTIVITY_MODE = "";
				DEVELOPMENT_TEAM = SDLRJDJ3R5;
				INFOPLIST_FILE = Tweetmeister/Info.plist;
				LD_RUNPATH_SEARCH_PATHS = "$(inherited) @executable_path/Frameworks";
				PRODUCT_BUNDLE_IDENTIFIER = com.spatwardhan.Tweetmeister;
				PRODUCT_NAME = "$(TARGET_NAME)";
				SWIFT_OBJC_BRIDGING_HEADER = "Tweetmeister/Tweetmeister-Bridging-Header.h";
				SWIFT_VERSION = 3.0;
			};
			name = Release;
		};
/* End XCBuildConfiguration section */

/* Begin XCConfigurationList section */
		EE21472D1DBFAB2D00CBF9AF /* Build configuration list for PBXProject "Tweetmeister" */ = {
			isa = XCConfigurationList;
			buildConfigurations = (
				EE2147421DBFAB2D00CBF9AF /* Debug */,
				EE2147431DBFAB2D00CBF9AF /* Release */,
			);
			defaultConfigurationIsVisible = 0;
			defaultConfigurationName = Release;
		};
		EE2147441DBFAB2D00CBF9AF /* Build configuration list for PBXNativeTarget "Tweetmeister" */ = {
			isa = XCConfigurationList;
			buildConfigurations = (
				EE2147451DBFAB2D00CBF9AF /* Debug */,
				EE2147461DBFAB2D00CBF9AF /* Release */,
			);
			defaultConfigurationIsVisible = 0;
			defaultConfigurationName = Release;
		};
/* End XCConfigurationList section */
	};
	rootObject = EE21472A1DBFAB2D00CBF9AF /* Project object */;
}
